<?xml version="1.0" encoding="utf-8"?>
<Project ToolsVersion="4.0" xmlns="http://schemas.microsoft.com/developer/msbuild/2003">
  <ItemGroup>
    <Filter Include="Header Files">
      <UniqueIdentifier>{4bb63dfc-deed-40fc-96b8-858c6e23f211}</UniqueIdentifier>
    </Filter>
    <Filter Include="Source files">
      <UniqueIdentifier>{dd3ed6d7-8082-49b7-b5b3-e9e34636f1f1}</UniqueIdentifier>
    </Filter>
  </ItemGroup>
  <ItemGroup>
    <ClCompile Include="Common.cpp">
      <Filter>Source files</Filter>
    </ClCompile>
    <ClCompile Include="File.cpp">
      <Filter>Source files</Filter>
    </ClCompile>
    <ClCompile Include="Base_FD.cpp">
      <Filter>Source files</Filter>
    </ClCompile>
  </ItemGroup>
  <ItemGroup>
    <ClInclude Include="Common.hpp">
      <Filter>Header Files</Filter>
    </ClInclude>
    <ClInclude Include="File.hpp">
      <Filter>Header Files</Filter>
    </ClInclude>
    <ClInclude Include="Base_FD.hpp">
      <Filter>Header Files</Filter>
    </ClInclude>
  </ItemGroup>
</Project>