
Microsoft Visual Studio Solution File, Format Version 12.00
# Visual Studio Version 16
VisualStudioVersion = 16.0.32228.343
MinimumVisualStudioVersion = 10.0.40219.1
Project("{8BC9CEB8-8B4A-11D0-8D11-00A0C91BC942}") = "IPC", "IPC\IPC.vcxproj", "{5ACADC9F-1E28-40A5-903F-7F4F6ED7E651}"
EndProject
Project("{8BC9CEB8-8B4A-11D0-8D11-00A0C91BC942}") = "Sockets", "Sockets\Sockets.vcxproj", "{8EED09BF-DF73-4F6F-9E47-6E721BBFB98B}"
EndProject
Project("{8BC9CEB8-8B4A-11D0-8D11-00A0C91BC942}") = "Jack", "Jack\Jack.vcxproj", "{EC4B994E-0E66-4B81-9BC6-9ACE79585FB4}"
EndProject
Project("{8BC9CEB8-8B4A-11D0-8D11-00A0C91BC942}") = "Port_Royal", "Port_Royal\Port_Royal.vcxproj", "{D0B4E64C-D7FA-4B99-B8F0-FBAB04B22A6E}"
EndProject
Project("{8BC9CEB8-8B4A-11D0-8D11-00A0C91BC942}") = "Common", "Common\Common.vcxproj", "{B1476DCF-CF69-4F16-A26C-688538C3ECB7}"
EndProject
Global
	GlobalSection(SolutionConfigurationPlatforms) = preSolution
		Debug|ARM = Debug|ARM
		Debug|ARM64 = Debug|ARM64
		Debug|x64 = Debug|x64
		Debug|x86 = Debug|x86
		Release|ARM = Release|ARM
		Release|ARM64 = Release|ARM64
		Release|x64 = Release|x64
		Release|x86 = Release|x86
	EndGlobalSection
	GlobalSection(ProjectConfigurationPlatforms) = postSolution
		{5ACADC9F-1E28-40A5-903F-7F4F6ED7E651}.Debug|ARM.ActiveCfg = Debug|ARM
		{5ACADC9F-1E28-40A5-903F-7F4F6ED7E651}.Debug|ARM.Build.0 = Debug|ARM
		{5ACADC9F-1E28-40A5-903F-7F4F6ED7E651}.Debug|ARM.Deploy.0 = Debug|ARM
		{5ACADC9F-1E28-40A5-903F-7F4F6ED7E651}.Debug|ARM64.ActiveCfg = Debug|ARM64
		{5ACADC9F-1E28-40A5-903F-7F4F6ED7E651}.Debug|ARM64.Build.0 = Debug|ARM64
		{5ACADC9F-1E28-40A5-903F-7F4F6ED7E651}.Debug|ARM64.Deploy.0 = Debug|ARM64
		{5ACADC9F-1E28-40A5-903F-7F4F6ED7E651}.Debug|x64.ActiveCfg = Debug|x64
		{5ACADC9F-1E28-40A5-903F-7F4F6ED7E651}.Debug|x64.Build.0 = Debug|x64
		{5ACADC9F-1E28-40A5-903F-7F4F6ED7E651}.Debug|x64.Deploy.0 = Debug|x64
		{5ACADC9F-1E28-40A5-903F-7F4F6ED7E651}.Debug|x86.ActiveCfg = Debug|x86
		{5ACADC9F-1E28-40A5-903F-7F4F6ED7E651}.Debug|x86.Build.0 = Debug|x86
		{5ACADC9F-1E28-40A5-903F-7F4F6ED7E651}.Debug|x86.Deploy.0 = Debug|x86
		{5ACADC9F-1E28-40A5-903F-7F4F6ED7E651}.Release|ARM.ActiveCfg = Release|ARM
		{5ACADC9F-1E28-40A5-903F-7F4F6ED7E651}.Release|ARM.Build.0 = Release|ARM
		{5ACADC9F-1E28-40A5-903F-7F4F6ED7E651}.Release|ARM.Deploy.0 = Release|ARM
		{5ACADC9F-1E28-40A5-903F-7F4F6ED7E651}.Release|ARM64.ActiveCfg = Release|ARM64
		{5ACADC9F-1E28-40A5-903F-7F4F6ED7E651}.Release|ARM64.Build.0 = Release|ARM64
		{5ACADC9F-1E28-40A5-903F-7F4F6ED7E651}.Release|ARM64.Deploy.0 = Release|ARM64
		{5ACADC9F-1E28-40A5-903F-7F4F6ED7E651}.Release|x64.ActiveCfg = Release|x64
		{5ACADC9F-1E28-40A5-903F-7F4F6ED7E651}.Release|x64.Build.0 = Release|x64
		{5ACADC9F-1E28-40A5-903F-7F4F6ED7E651}.Release|x64.Deploy.0 = Release|x64
		{5ACADC9F-1E28-40A5-903F-7F4F6ED7E651}.Release|x86.ActiveCfg = Release|x86
		{5ACADC9F-1E28-40A5-903F-7F4F6ED7E651}.Release|x86.Build.0 = Release|x86
		{5ACADC9F-1E28-40A5-903F-7F4F6ED7E651}.Release|x86.Deploy.0 = Release|x86
		{8EED09BF-DF73-4F6F-9E47-6E721BBFB98B}.Debug|ARM.ActiveCfg = Debug|ARM
		{8EED09BF-DF73-4F6F-9E47-6E721BBFB98B}.Debug|ARM.Build.0 = Debug|ARM
		{8EED09BF-DF73-4F6F-9E47-6E721BBFB98B}.Debug|ARM.Deploy.0 = Debug|ARM
		{8EED09BF-DF73-4F6F-9E47-6E721BBFB98B}.Debug|ARM64.ActiveCfg = Debug|ARM64
		{8EED09BF-DF73-4F6F-9E47-6E721BBFB98B}.Debug|ARM64.Build.0 = Debug|ARM64
		{8EED09BF-DF73-4F6F-9E47-6E721BBFB98B}.Debug|ARM64.Deploy.0 = Debug|ARM64
		{8EED09BF-DF73-4F6F-9E47-6E721BBFB98B}.Debug|x64.ActiveCfg = Debug|x64
		{8EED09BF-DF73-4F6F-9E47-6E721BBFB98B}.Debug|x64.Build.0 = Debug|x64
		{8EED09BF-DF73-4F6F-9E47-6E721BBFB98B}.Debug|x64.Deploy.0 = Debug|x64
		{8EED09BF-DF73-4F6F-9E47-6E721BBFB98B}.Debug|x86.ActiveCfg = Debug|x86
		{8EED09BF-DF73-4F6F-9E47-6E721BBFB98B}.Debug|x86.Build.0 = Debug|x86
		{8EED09BF-DF73-4F6F-9E47-6E721BBFB98B}.Debug|x86.Deploy.0 = Debug|x86
		{8EED09BF-DF73-4F6F-9E47-6E721BBFB98B}.Release|ARM.ActiveCfg = Release|ARM
		{8EED09BF-DF73-4F6F-9E47-6E721BBFB98B}.Release|ARM.Build.0 = Release|ARM
		{8EED09BF-DF73-4F6F-9E47-6E721BBFB98B}.Release|ARM.Deploy.0 = Release|ARM
		{8EED09BF-DF73-4F6F-9E47-6E721BBFB98B}.Release|ARM64.ActiveCfg = Release|ARM64
		{8EED09BF-DF73-4F6F-9E47-6E721BBFB98B}.Release|ARM64.Build.0 = Release|ARM64
		{8EED09BF-DF73-4F6F-9E47-6E721BBFB98B}.Release|ARM64.Deploy.0 = Release|ARM64
		{8EED09BF-DF73-4F6F-9E47-6E721BBFB98B}.Release|x64.ActiveCfg = Release|x64
		{8EED09BF-DF73-4F6F-9E47-6E721BBFB98B}.Release|x64.Build.0 = Release|x64
		{8EED09BF-DF73-4F6F-9E47-6E721BBFB98B}.Release|x64.Deploy.0 = Release|x64
		{8EED09BF-DF73-4F6F-9E47-6E721BBFB98B}.Release|x86.ActiveCfg = Release|x86
		{8EED09BF-DF73-4F6F-9E47-6E721BBFB98B}.Release|x86.Build.0 = Release|x86
		{8EED09BF-DF73-4F6F-9E47-6E721BBFB98B}.Release|x86.Deploy.0 = Release|x86
		{EC4B994E-0E66-4B81-9BC6-9ACE79585FB4}.Debug|ARM.ActiveCfg = Debug|ARM
		{EC4B994E-0E66-4B81-9BC6-9ACE79585FB4}.Debug|ARM.Build.0 = Debug|ARM
		{EC4B994E-0E66-4B81-9BC6-9ACE79585FB4}.Debug|ARM.Deploy.0 = Debug|ARM
		{EC4B994E-0E66-4B81-9BC6-9ACE79585FB4}.Debug|ARM64.ActiveCfg = Debug|ARM64
		{EC4B994E-0E66-4B81-9BC6-9ACE79585FB4}.Debug|ARM64.Build.0 = Debug|ARM64
		{EC4B994E-0E66-4B81-9BC6-9ACE79585FB4}.Debug|ARM64.Deploy.0 = Debug|ARM64
		{EC4B994E-0E66-4B81-9BC6-9ACE79585FB4}.Debug|x64.ActiveCfg = Debug|x64
		{EC4B994E-0E66-4B81-9BC6-9ACE79585FB4}.Debug|x64.Build.0 = Debug|x64
		{EC4B994E-0E66-4B81-9BC6-9ACE79585FB4}.Debug|x64.Deploy.0 = Debug|x64
		{EC4B994E-0E66-4B81-9BC6-9ACE79585FB4}.Debug|x86.ActiveCfg = Debug|x86
		{EC4B994E-0E66-4B81-9BC6-9ACE79585FB4}.Debug|x86.Build.0 = Debug|x86
		{EC4B994E-0E66-4B81-9BC6-9ACE79585FB4}.Debug|x86.Deploy.0 = Debug|x86
		{EC4B994E-0E66-4B81-9BC6-9ACE79585FB4}.Release|ARM.ActiveCfg = Release|ARM
		{EC4B994E-0E66-4B81-9BC6-9ACE79585FB4}.Release|ARM.Build.0 = Release|ARM
		{EC4B994E-0E66-4B81-9BC6-9ACE79585FB4}.Release|ARM.Deploy.0 = Release|ARM
		{EC4B994E-0E66-4B81-9BC6-9ACE79585FB4}.Release|ARM64.ActiveCfg = Release|ARM64
		{EC4B994E-0E66-4B81-9BC6-9ACE79585FB4}.Release|ARM64.Build.0 = Release|ARM64
		{EC4B994E-0E66-4B81-9BC6-9ACE79585FB4}.Release|ARM64.Deploy.0 = Release|ARM64
		{EC4B994E-0E66-4B81-9BC6-9ACE79585FB4}.Release|x64.ActiveCfg = Release|x64
		{EC4B994E-0E66-4B81-9BC6-9ACE79585FB4}.Release|x64.Build.0 = Release|x64
		{EC4B994E-0E66-4B81-9BC6-9ACE79585FB4}.Release|x64.Deploy.0 = Release|x64
		{EC4B994E-0E66-4B81-9BC6-9ACE79585FB4}.Release|x86.ActiveCfg = Release|x86
		{EC4B994E-0E66-4B81-9BC6-9ACE79585FB4}.Release|x86.Build.0 = Release|x86
		{EC4B994E-0E66-4B81-9BC6-9ACE79585FB4}.Release|x86.Deploy.0 = Release|x86
		{D0B4E64C-D7FA-4B99-B8F0-FBAB04B22A6E}.Debug|ARM.ActiveCfg = Debug|ARM
		{D0B4E64C-D7FA-4B99-B8F0-FBAB04B22A6E}.Debug|ARM.Build.0 = Debug|ARM
		{D0B4E64C-D7FA-4B99-B8F0-FBAB04B22A6E}.Debug|ARM.Deploy.0 = Debug|ARM
		{D0B4E64C-D7FA-4B99-B8F0-FBAB04B22A6E}.Debug|ARM64.ActiveCfg = Debug|ARM64
		{D0B4E64C-D7FA-4B99-B8F0-FBAB04B22A6E}.Debug|ARM64.Build.0 = Debug|ARM64
		{D0B4E64C-D7FA-4B99-B8F0-FBAB04B22A6E}.Debug|ARM64.Deploy.0 = Debug|ARM64
		{D0B4E64C-D7FA-4B99-B8F0-FBAB04B22A6E}.Debug|x64.ActiveCfg = Debug|x64
		{D0B4E64C-D7FA-4B99-B8F0-FBAB04B22A6E}.Debug|x64.Build.0 = Debug|x64
		{D0B4E64C-D7FA-4B99-B8F0-FBAB04B22A6E}.Debug|x64.Deploy.0 = Debug|x64
		{D0B4E64C-D7FA-4B99-B8F0-FBAB04B22A6E}.Debug|x86.ActiveCfg = Debug|x86
		{D0B4E64C-D7FA-4B99-B8F0-FBAB04B22A6E}.Debug|x86.Build.0 = Debug|x86
		{D0B4E64C-D7FA-4B99-B8F0-FBAB04B22A6E}.Debug|x86.Deploy.0 = Debug|x86
		{D0B4E64C-D7FA-4B99-B8F0-FBAB04B22A6E}.Release|ARM.ActiveCfg = Release|ARM
		{D0B4E64C-D7FA-4B99-B8F0-FBAB04B22A6E}.Release|ARM.Build.0 = Release|ARM
		{D0B4E64C-D7FA-4B99-B8F0-FBAB04B22A6E}.Release|ARM.Deploy.0 = Release|ARM
		{D0B4E64C-D7FA-4B99-B8F0-FBAB04B22A6E}.Release|ARM64.ActiveCfg = Release|ARM64
		{D0B4E64C-D7FA-4B99-B8F0-FBAB04B22A6E}.Release|ARM64.Build.0 = Release|ARM64
		{D0B4E64C-D7FA-4B99-B8F0-FBAB04B22A6E}.Release|ARM64.Deploy.0 = Release|ARM64
		{D0B4E64C-D7FA-4B99-B8F0-FBAB04B22A6E}.Release|x64.ActiveCfg = Release|x64
		{D0B4E64C-D7FA-4B99-B8F0-FBAB04B22A6E}.Release|x64.Build.0 = Release|x64
		{D0B4E64C-D7FA-4B99-B8F0-FBAB04B22A6E}.Release|x64.Deploy.0 = Release|x64
		{D0B4E64C-D7FA-4B99-B8F0-FBAB04B22A6E}.Release|x86.ActiveCfg = Release|x86
		{D0B4E64C-D7FA-4B99-B8F0-FBAB04B22A6E}.Release|x86.Build.0 = Release|x86
		{D0B4E64C-D7FA-4B99-B8F0-FBAB04B22A6E}.Release|x86.Deploy.0 = Release|x86
		{B1476DCF-CF69-4F16-A26C-688538C3ECB7}.Debug|ARM.ActiveCfg = Debug|ARM
		{B1476DCF-CF69-4F16-A26C-688538C3ECB7}.Debug|ARM.Build.0 = Debug|ARM
		{B1476DCF-CF69-4F16-A26C-688538C3ECB7}.Debug|ARM.Deploy.0 = Debug|ARM
		{B1476DCF-CF69-4F16-A26C-688538C3ECB7}.Debug|ARM64.ActiveCfg = Debug|ARM64
		{B1476DCF-CF69-4F16-A26C-688538C3ECB7}.Debug|ARM64.Build.0 = Debug|ARM64
		{B1476DCF-CF69-4F16-A26C-688538C3ECB7}.Debug|ARM64.Deploy.0 = Debug|ARM64
		{B1476DCF-CF69-4F16-A26C-688538C3ECB7}.Debug|x64.ActiveCfg = Debug|x64
		{B1476DCF-CF69-4F16-A26C-688538C3ECB7}.Debug|x64.Build.0 = Debug|x64
		{B1476DCF-CF69-4F16-A26C-688538C3ECB7}.Debug|x64.Deploy.0 = Debug|x64
		{B1476DCF-CF69-4F16-A26C-688538C3ECB7}.Debug|x86.ActiveCfg = Debug|x86
		{B1476DCF-CF69-4F16-A26C-688538C3ECB7}.Debug|x86.Build.0 = Debug|x86
		{B1476DCF-CF69-4F16-A26C-688538C3ECB7}.Debug|x86.Deploy.0 = Debug|x86
		{B1476DCF-CF69-4F16-A26C-688538C3ECB7}.Release|ARM.ActiveCfg = Release|ARM
		{B1476DCF-CF69-4F16-A26C-688538C3ECB7}.Release|ARM.Build.0 = Release|ARM
		{B1476DCF-CF69-4F16-A26C-688538C3ECB7}.Release|ARM.Deploy.0 = Release|ARM
		{B1476DCF-CF69-4F16-A26C-688538C3ECB7}.Release|ARM64.ActiveCfg = Release|ARM64
		{B1476DCF-CF69-4F16-A26C-688538C3ECB7}.Release|ARM64.Build.0 = Release|ARM64
		{B1476DCF-CF69-4F16-A26C-688538C3ECB7}.Release|ARM64.Deploy.0 = Release|ARM64
		{B1476DCF-CF69-4F16-A26C-688538C3ECB7}.Release|x64.ActiveCfg = Release|x64
		{B1476DCF-CF69-4F16-A26C-688538C3ECB7}.Release|x64.Build.0 = Release|x64
		{B1476DCF-CF69-4F16-A26C-688538C3ECB7}.Release|x64.Deploy.0 = Release|x64
		{B1476DCF-CF69-4F16-A26C-688538C3ECB7}.Release|x86.ActiveCfg = Release|x86
		{B1476DCF-CF69-4F16-A26C-688538C3ECB7}.Release|x86.Build.0 = Release|x86
		{B1476DCF-CF69-4F16-A26C-688538C3ECB7}.Release|x86.Deploy.0 = Release|x86
	EndGlobalSection
	GlobalSection(SolutionProperties) = preSolution
		HideSolutionNode = FALSE
	EndGlobalSection
	GlobalSection(ExtensibilityGlobals) = postSolution
		SolutionGuid = {20477975-245C-4234-9729-7631C304B56A}
	EndGlobalSection
EndGlobal
